{
  "name": "boto3",
  "lockfileVersion": 2,
  "requires": true,
  "packages": {
    "": {
      "dependencies": {
        "luaparse": "^0.3.1"
      }
    },
    "node_modules/luaparse": {
      "version": "0.3.1",
      "resolved": "https://registry.npmjs.org/luaparse/-/luaparse-0.3.1.tgz",
      "integrity": "sha512-b21h2bFEbtGXmVqguHogbyrMAA0wOHyp9u/rx+w6Yc9pW1t9YjhGUsp87lYcp7pFRqSWN/PhFkrdIqKEUzRjjQ==",
      "bin": {
        "luaparse": "bin/luaparse"
      }
    }
  },
  "dependencies": {
    "luaparse": {
      "version": "0.3.1",
      "resolved": "https://registry.npmjs.org/luaparse/-/luaparse-0.3.1.tgz",
      "integrity": "sha512-b21h2bFEbtGXmVqguHogbyrMAA0wOHyp9u/rx+w6Yc9pW1t9YjhGUsp87lYcp7pFRqSWN/PhFkrdIqKEUzRjjQ=="
    }
  }
}
